
Microsoft Visual Studio Solution File, Format Version 12.00
# Visual Studio Version 16
VisualStudioVersion = 16.0.31320.298
MinimumVisualStudioVersion = 10.0.40219.1
Project("{FAE04EC0-301F-11D3-BF4B-00C04F79EFBC}") = "SAR Sign In Assist", "SAR Sign In Assist\SAR Sign In Assist.csproj", "{86FA53E5-FD06-4432-8482-41A9419C7BE3}"
EndProject
Project("{54435603-DBB4-11D2-8724-00A0C9A8B90C}") = "SAR Sign In Assist Installer", "SAR Sign In Assist Installer\SAR Sign In Assist Installer.vdproj", "{165F4D00-D2C4-4BFE-974F-DFE1152E5EFD}"
EndProject
Global
	GlobalSection(SolutionConfigurationPlatforms) = preSolution
		Debug|Any CPU = Debug|Any CPU
		Release|Any CPU = Release|Any CPU
	EndGlobalSection
	GlobalSection(ProjectConfigurationPlatforms) = postSolution
		{86FA53E5-FD06-4432-8482-41A9419C7BE3}.Debug|Any CPU.ActiveCfg = Debug|Any CPU
		{86FA53E5-FD06-4432-8482-41A9419C7BE3}.Debug|Any CPU.Build.0 = Debug|Any CPU
		{86FA53E5-FD06-4432-8482-41A9419C7BE3}.Release|Any CPU.ActiveCfg = Release|Any CPU
		{86FA53E5-FD06-4432-8482-41A9419C7BE3}.Release|Any CPU.Build.0 = Release|Any CPU
		{165F4D00-D2C4-4BFE-974F-DFE1152E5EFD}.Debug|Any CPU.ActiveCfg = Debug
		{165F4D00-D2C4-4BFE-974F-DFE1152E5EFD}.Release|Any CPU.ActiveCfg = Release
		{165F4D00-D2C4-4BFE-974F-DFE1152E5EFD}.Release|Any CPU.Build.0 = Release
	EndGlobalSection
	GlobalSection(SolutionProperties) = preSolution
		HideSolutionNode = FALSE
	EndGlobalSection
	GlobalSection(ExtensibilityGlobals) = postSolution
		SolutionGuid = {BE8E9C05-3583-48FD-A5FD-C1AD8D3AEC4B}
	EndGlobalSection
EndGlobal
